
Microsoft Visual Studio Solution File, Format Version 12.00
# Visual Studio 15
VisualStudioVersion = 15.0.28010.2046
MinimumVisualStudioVersion = 10.0.40219.1
Project("{8BC9CEB8-8B4A-11D0-8D11-00A0C91BC942}") = "Lab2", "Lab2\Lab2.vcxproj", "{073E6D2F-C3B8-4FA0-A7D1-1B24BC4D973D}"
EndProject
Global
	GlobalSection(SolutionConfigurationPlatforms) = preSolution
		Debug|x64 = Debug|x64
		Debug|x86 = Debug|x86
		Release|x64 = Release|x64
		Release|x86 = Release|x86
	EndGlobalSection
	GlobalSection(ProjectConfigurationPlatforms) = postSolution
		{073E6D2F-C3B8-4FA0-A7D1-1B24BC4D973D}.Debug|x64.ActiveCfg = Debug|x64
		{073E6D2F-C3B8-4FA0-A7D1-1B24BC4D973D}.Debug|x64.Build.0 = Debug|x64
		{073E6D2F-C3B8-4FA0-A7D1-1B24BC4D973D}.Debug|x86.ActiveCfg = Debug|Win32
		{073E6D2F-C3B8-4FA0-A7D1-1B24BC4D973D}.Debug|x86.Build.0 = Debug|Win32
		{073E6D2F-C3B8-4FA0-A7D1-1B24BC4D973D}.Release|x64.ActiveCfg = Release|x64
		{073E6D2F-C3B8-4FA0-A7D1-1B24BC4D973D}.Release|x64.Build.0 = Release|x64
		{073E6D2F-C3B8-4FA0-A7D1-1B24BC4D973D}.Release|x86.ActiveCfg = Release|Win32
		{073E6D2F-C3B8-4FA0-A7D1-1B24BC4D973D}.Release|x86.Build.0 = Release|Win32
	EndGlobalSection
	GlobalSection(SolutionProperties) = preSolution
		HideSolutionNode = FALSE
	EndGlobalSection
	GlobalSection(ExtensibilityGlobals) = postSolution
		SolutionGuid = {51EF31C3-FA02-41A3-BD34-A3603AC490FA}
	EndGlobalSection
EndGlobal
